<?xml version="1.0" encoding="utf-8"?>
<Project ToolsVersion="4.0" xmlns="http://schemas.microsoft.com/developer/msbuild/2003">
  <ItemGroup>
    <Filter Include="Source Files">
      <UniqueIdentifier>{4FC737F1-C7A5-4376-A066-2A32D752A2FF}</UniqueIdentifier>
      <Extensions>cpp;c;cc;cxx;c++;cppm;ixx;def;odl;idl;hpj;bat;asm;asmx</Extensions>
    </Filter>
    <Filter Include="Header Files">
      <UniqueIdentifier>{93995380-89BD-4b04-88EB-625FBE52EBFB}</UniqueIdentifier>
      <Extensions>h;hh;hpp;hxx;h++;hm;inl;inc;ipp;xsd</Extensions>
    </Filter>
    <Filter Include="Resource Files">
      <UniqueIdentifier>{67DA6AB6-F800-4c08-8B7A-83BB121AAD01}</UniqueIdentifier>
      <Extensions>rc;ico;cur;bmp;dlg;rc2;rct;bin;rgs;gif;jpg;jpeg;jpe;resx;tiff;tif;png;wav;mfcribbon-ms</Extensions>
    </Filter>
  </ItemGroup>
  <ItemGroup>
    <ClInclude Include="src\effect\Color.h">
      <Filter>Header Files</Filter>
    </ClInclude>
    <ClInclude Include="src\effect\EffectDisintegrate.h">
      <Filter>Header Files</Filter>
    </ClInclude>
    <ClInclude Include="src\effect\EffectInvisible.h">
      <Filter>Header Files</Filter>
    </ClInclude>
    <ClInclude Include="src\effect\EffectMirror.h">
      <Filter>Header Files</Filter>
    </ClInclude>
    <ClInclude Include="src\effect\EffectNone.h">
      <Filter>Header Files</Filter>
    </ClInclude>
    <ClInclude Include="src\effect\EffectReverse.h">
      <Filter>Header Files</Filter>
    </ClInclude>
    <ClInclude Include="src\effect\EffectZx.h">
      <Filter>Header Files</Filter>
    </ClInclude>
    <ClInclude Include="src\effect\Font.h">
      <Filter>Header Files</Filter>
    </ClInclude>
    <ClInclude Include="src\effect\LayeredPicture.h">
      <Filter>Header Files</Filter>
    </ClInclude>
    <ClInclude Include="src\effect\Outline.h">
      <Filter>Header Files</Filter>
    </ClInclude>
    <ClInclude Include="src\effect\Picture.h">
      <Filter>Header Files</Filter>
    </ClInclude>
    <ClInclude Include="src\effect\PixelIterator.h">
      <Filter>Header Files</Filter>
    </ClInclude>
    <ClInclude Include="src\effect\PixelTool.h">
      <Filter>Header Files</Filter>
    </ClInclude>
    <ClInclude Include="src\effect\ResColorPack.h">
      <Filter>Header Files</Filter>
    </ClInclude>
    <ClInclude Include="src\effect\SurfaceLock.h">
      <Filter>Header Files</Filter>
    </ClInclude>
    <ClInclude Include="src\effect\SurfaceTool.h">
      <Filter>Header Files</Filter>
    </ClInclude>
    <ClInclude Include="src\effect\TTFException.h">
      <Filter>Header Files</Filter>
    </ClInclude>
    <ClInclude Include="src\effect\ViewEffect.h">
      <Filter>Header Files</Filter>
    </ClInclude>
    <ClInclude Include="src\effect\WavyPicture.h">
      <Filter>Header Files</Filter>
    </ClInclude>
    <ClInclude Include="src\game\Application.h">
      <Filter>Header Files</Filter>
    </ClInclude>
    <ClInclude Include="src\game\GameAgent.h">
      <Filter>Header Files</Filter>
    </ClInclude>
    <ClInclude Include="src\gengine\AgentPack.h">
      <Filter>Header Files</Filter>
    </ClInclude>
    <ClInclude Include="src\gengine\BaseAgent.h">
      <Filter>Header Files</Filter>
    </ClInclude>
    <ClInclude Include="src\gengine\BaseException.h">
      <Filter>Header Files</Filter>
    </ClInclude>
    <ClInclude Include="src\gengine\BaseListener.h">
      <Filter>Header Files</Filter>
    </ClInclude>
    <ClInclude Include="src\gengine\BaseMsg.h">
      <Filter>Header Files</Filter>
    </ClInclude>
    <ClInclude Include="src\gengine\def-script.h">
      <Filter>Header Files</Filter>
    </ClInclude>
    <ClInclude Include="src\gengine\Dialog.h">
      <Filter>Header Files</Filter>
    </ClInclude>
    <ClInclude Include="src\gengine\DialogStack.h">
      <Filter>Header Files</Filter>
    </ClInclude>
    <ClInclude Include="src\gengine\Drawable.h">
      <Filter>Header Files</Filter>
    </ClInclude>
    <ClInclude Include="src\gengine\DummySoundAgent.h">
      <Filter>Header Files</Filter>
    </ClInclude>
    <ClInclude Include="src\gengine\Environ.h">
      <Filter>Header Files</Filter>
    </ClInclude>
    <ClInclude Include="src\gengine\ExInfo.h">
      <Filter>Header Files</Filter>
    </ClInclude>
    <ClInclude Include="src\gengine\FsPath.h">
      <Filter>Header Files</Filter>
    </ClInclude>
    <ClInclude Include="src\gengine\HelpException.h">
      <Filter>Header Files</Filter>
    </ClInclude>
    <ClInclude Include="src\gengine\ImgException.h">
      <Filter>Header Files</Filter>
    </ClInclude>
    <ClInclude Include="src\gengine\INamed.h">
      <Filter>Header Files</Filter>
    </ClInclude>
    <ClInclude Include="src\gengine\InputAgent.h">
      <Filter>Header Files</Filter>
    </ClInclude>
    <ClInclude Include="src\gengine\InputHandler.h">
      <Filter>Header Files</Filter>
    </ClInclude>
    <ClInclude Include="src\gengine\InputProvider.h">
      <Filter>Header Files</Filter>
    </ClInclude>
    <ClInclude Include="src\gengine\IntMsg.h">
      <Filter>Header Files</Filter>
    </ClInclude>
    <ClInclude Include="src\gengine\KeyBinder.h">
      <Filter>Header Files</Filter>
    </ClInclude>
    <ClInclude Include="src\gengine\KeyStroke.h">
      <Filter>Header Files</Filter>
    </ClInclude>
    <ClInclude Include="src\gengine\Log.h">
      <Filter>Header Files</Filter>
    </ClInclude>
    <ClInclude Include="src\gengine\LogicException.h">
      <Filter>Header Files</Filter>
    </ClInclude>
    <ClInclude Include="src\gengine\MessagerAgent.h">
      <Filter>Header Files</Filter>
    </ClInclude>
    <ClInclude Include="src\gengine\minmax.h">
      <Filter>Header Files</Filter>
    </ClInclude>
    <ClInclude Include="src\gengine\MixException.h">
      <Filter>Header Files</Filter>
    </ClInclude>
    <ClInclude Include="src\gengine\MouseStroke.h">
      <Filter>Header Files</Filter>
    </ClInclude>
    <ClInclude Include="src\gengine\MultiDrawer.h">
      <Filter>Header Files</Filter>
    </ClInclude>
    <ClInclude Include="src\gengine\Name.h">
      <Filter>Header Files</Filter>
    </ClInclude>
    <ClInclude Include="src\gengine\NameException.h">
      <Filter>Header Files</Filter>
    </ClInclude>
    <ClInclude Include="src\gengine\NoCopy.h">
      <Filter>Header Files</Filter>
    </ClInclude>
    <ClInclude Include="src\gengine\OptionAgent.h">
      <Filter>Header Files</Filter>
    </ClInclude>
    <ClInclude Include="src\gengine\OptionParams.h">
      <Filter>Header Files</Filter>
    </ClInclude>
    <ClInclude Include="src\gengine\options-script.h">
      <Filter>Header Files</Filter>
    </ClInclude>
    <ClInclude Include="src\gengine\Path.h">
      <Filter>Header Files</Filter>
    </ClInclude>
    <ClInclude Include="src\gengine\PathException.h">
      <Filter>Header Files</Filter>
    </ClInclude>
    <ClInclude Include="src\gengine\PlannedDialog.h">
      <Filter>Header Files</Filter>
    </ClInclude>
    <ClInclude Include="src\gengine\Random.h">
      <Filter>Header Files</Filter>
    </ClInclude>
    <ClInclude Include="src\gengine\ResCache.h">
      <Filter>Header Files</Filter>
    </ClInclude>
    <ClInclude Include="src\gengine\ResDialogPack.h">
      <Filter>Header Files</Filter>
    </ClInclude>
    <ClInclude Include="src\gengine\ResImagePack.h">
      <Filter>Header Files</Filter>
    </ClInclude>
    <ClInclude Include="src\gengine\ResourceException.h">
      <Filter>Header Files</Filter>
    </ClInclude>
    <ClInclude Include="src\gengine\ResourcePack.h">
      <Filter>Header Files</Filter>
    </ClInclude>
    <ClInclude Include="src\gengine\ResSoundPack.h">
      <Filter>Header Files</Filter>
    </ClInclude>
    <ClInclude Include="src\gengine\ScriptAgent.h">
      <Filter>Header Files</Filter>
    </ClInclude>
    <ClInclude Include="src\gengine\Scripter.h">
      <Filter>Header Files</Filter>
    </ClInclude>
    <ClInclude Include="src\gengine\ScriptException.h">
      <Filter>Header Files</Filter>
    </ClInclude>
    <ClInclude Include="src\gengine\ScriptState.h">
      <Filter>Header Files</Filter>
    </ClInclude>
    <ClInclude Include="src\gengine\SDLException.h">
      <Filter>Header Files</Filter>
    </ClInclude>
    <ClInclude Include="src\gengine\SDLMusicLooper.h">
      <Filter>Header Files</Filter>
    </ClInclude>
    <ClInclude Include="src\gengine\SDLSoundAgent.h">
      <Filter>Header Files</Filter>
    </ClInclude>
    <ClInclude Include="src\gengine\SimpleMsg.h">
      <Filter>Header Files</Filter>
    </ClInclude>
    <ClInclude Include="src\gengine\SoundAgent.h">
      <Filter>Header Files</Filter>
    </ClInclude>
    <ClInclude Include="src\gengine\StringMsg.h">
      <Filter>Header Files</Filter>
    </ClInclude>
    <ClInclude Include="src\gengine\StringTool.h">
      <Filter>Header Files</Filter>
    </ClInclude>
    <ClInclude Include="src\gengine\SysVideo.h">
      <Filter>Header Files</Filter>
    </ClInclude>
    <ClInclude Include="src\gengine\TimerAgent.h">
      <Filter>Header Files</Filter>
    </ClInclude>
    <ClInclude Include="src\gengine\UnknownMsgException.h">
      <Filter>Header Files</Filter>
    </ClInclude>
    <ClInclude Include="src\gengine\V2.h">
      <Filter>Header Files</Filter>
    </ClInclude>
    <ClInclude Include="src\gengine\VideoAgent.h">
      <Filter>Header Files</Filter>
    </ClInclude>
    <ClInclude Include="src\level\Anim.h">
      <Filter>Header Files</Filter>
    </ClInclude>
    <ClInclude Include="src\level\Controls.h">
      <Filter>Header Files</Filter>
    </ClInclude>
    <ClInclude Include="src\level\ControlSym.h">
      <Filter>Header Files</Filter>
    </ClInclude>
    <ClInclude Include="src\level\CountAdvisor.h">
      <Filter>Header Files</Filter>
    </ClInclude>
    <ClInclude Include="src\level\Cube.h">
      <Filter>Header Files</Filter>
    </ClInclude>
    <ClInclude Include="src\level\Decor.h">
      <Filter>Header Files</Filter>
    </ClInclude>
    <ClInclude Include="src\level\DescFinder.h">
      <Filter>Header Files</Filter>
    </ClInclude>
    <ClInclude Include="src\level\Dir.h">
      <Filter>Header Files</Filter>
    </ClInclude>
    <ClInclude Include="src\level\Field.h">
      <Filter>Header Files</Filter>
    </ClInclude>
    <ClInclude Include="src\level\FinderAlg.h">
      <Filter>Header Files</Filter>
    </ClInclude>
    <ClInclude Include="src\level\FinderField.h">
      <Filter>Header Files</Filter>
    </ClInclude>
    <ClInclude Include="src\level\FinderPlace.h">
      <Filter>Header Files</Filter>
    </ClInclude>
    <ClInclude Include="src\level\game-script.h">
      <Filter>Header Files</Filter>
    </ClInclude>
    <ClInclude Include="src\level\Goal.h">
      <Filter>Header Files</Filter>
    </ClInclude>
    <ClInclude Include="src\level\KeyControl.h">
      <Filter>Header Files</Filter>
    </ClInclude>
    <ClInclude Include="src\level\Landslip.h">
      <Filter>Header Files</Filter>
    </ClInclude>
    <ClInclude Include="src\level\LayoutException.h">
      <Filter>Header Files</Filter>
    </ClInclude>
    <ClInclude Include="src\level\Level.h">
      <Filter>Header Files</Filter>
    </ClInclude>
    <ClInclude Include="src\level\LevelCountDown.h">
      <Filter>Header Files</Filter>
    </ClInclude>
    <ClInclude Include="src\level\LevelInput.h">
      <Filter>Header Files</Filter>
    </ClInclude>
    <ClInclude Include="src\level\LevelLoading.h">
      <Filter>Header Files</Filter>
    </ClInclude>
    <ClInclude Include="src\level\level-script.h">
      <Filter>Header Files</Filter>
    </ClInclude>
    <ClInclude Include="src\level\LevelScript.h">
      <Filter>Header Files</Filter>
    </ClInclude>
    <ClInclude Include="src\level\LevelStatus.h">
      <Filter>Header Files</Filter>
    </ClInclude>
    <ClInclude Include="src\level\LoadException.h">
      <Filter>Header Files</Filter>
    </ClInclude>
    <ClInclude Include="src\level\MarkMask.h">
      <Filter>Header Files</Filter>
    </ClInclude>
    <ClInclude Include="src\level\ModelFactory.h">
      <Filter>Header Files</Filter>
    </ClInclude>
    <ClInclude Include="src\level\ModelList.h">
      <Filter>Header Files</Filter>
    </ClInclude>
    <ClInclude Include="src\level\MouseControl.h">
      <Filter>Header Files</Filter>
    </ClInclude>
    <ClInclude Include="src\level\OnCondition.h">
      <Filter>Header Files</Filter>
    </ClInclude>
    <ClInclude Include="src\level\OnStack.h">
      <Filter>Header Files</Filter>
    </ClInclude>
    <ClInclude Include="src\level\OnStrongPad.h">
      <Filter>Header Files</Filter>
    </ClInclude>
    <ClInclude Include="src\level\OnWall.h">
      <Filter>Header Files</Filter>
    </ClInclude>
    <ClInclude Include="src\level\PhaseLocker.h">
      <Filter>Header Files</Filter>
    </ClInclude>
    <ClInclude Include="src\level\Room.h">
      <Filter>Header Files</Filter>
    </ClInclude>
    <ClInclude Include="src\level\RoomAccess.h">
      <Filter>Header Files</Filter>
    </ClInclude>
    <ClInclude Include="src\level\RopeDecor.h">
      <Filter>Header Files</Filter>
    </ClInclude>
    <ClInclude Include="src\level\Rules.h">
      <Filter>Header Files</Filter>
    </ClInclude>
    <ClInclude Include="src\level\Shape.h">
      <Filter>Header Files</Filter>
    </ClInclude>
    <ClInclude Include="src\level\ShapeBuilder.h">
      <Filter>Header Files</Filter>
    </ClInclude>
    <ClInclude Include="src\level\StatusDisplay.h">
      <Filter>Header Files</Filter>
    </ClInclude>
    <ClInclude Include="src\level\StepCounter.h">
      <Filter>Header Files</Filter>
    </ClInclude>
    <ClInclude Include="src\level\StepDecor.h">
      <Filter>Header Files</Filter>
    </ClInclude>
    <ClInclude Include="src\level\Unit.h">
      <Filter>Header Files</Filter>
    </ClInclude>
    <ClInclude Include="src\level\View.h">
      <Filter>Header Files</Filter>
    </ClInclude>
    <ClInclude Include="src\menu\LevelDesc.h">
      <Filter>Header Files</Filter>
    </ClInclude>
    <ClInclude Include="src\menu\LevelNode.h">
      <Filter>Header Files</Filter>
    </ClInclude>
    <ClInclude Include="src\menu\NodeDrawer.h">
      <Filter>Header Files</Filter>
    </ClInclude>
    <ClInclude Include="src\menu\PedoInput.h">
      <Filter>Header Files</Filter>
    </ClInclude>
    <ClInclude Include="src\menu\Pedometer.h">
      <Filter>Header Files</Filter>
    </ClInclude>
    <ClInclude Include="src\menu\SolverDrawer.h">
      <Filter>Header Files</Filter>
    </ClInclude>
    <ClInclude Include="src\menu\WorldBranch.h">
      <Filter>Header Files</Filter>
    </ClInclude>
    <ClInclude Include="src\menu\WorldInput.h">
      <Filter>Header Files</Filter>
    </ClInclude>
    <ClInclude Include="src\menu\WorldMap.h">
      <Filter>Header Files</Filter>
    </ClInclude>
    <ClInclude Include="src\menu\worldmap-script.h">
      <Filter>Header Files</Filter>
    </ClInclude>
    <ClInclude Include="src\option\HelpInput.h">
      <Filter>Header Files</Filter>
    </ClInclude>
    <ClInclude Include="src\option\MenuHelp.h">
      <Filter>Header Files</Filter>
    </ClInclude>
    <ClInclude Include="src\option\MenuOptions.h">
      <Filter>Header Files</Filter>
    </ClInclude>
    <ClInclude Include="src\option\OptionsInput.h">
      <Filter>Header Files</Filter>
    </ClInclude>
    <ClInclude Include="src\option\RadioBox.h">
      <Filter>Header Files</Filter>
    </ClInclude>
    <ClInclude Include="src\option\SelectLang.h">
      <Filter>Header Files</Filter>
    </ClInclude>
    <ClInclude Include="src\plan\Command.h">
      <Filter>Header Files</Filter>
    </ClInclude>
    <ClInclude Include="src\plan\CommandQueue.h">
      <Filter>Header Files</Filter>
    </ClInclude>
    <ClInclude Include="src\plan\ConsoleInput.h">
      <Filter>Header Files</Filter>
    </ClInclude>
    <ClInclude Include="src\plan\dialog-script.h">
      <Filter>Header Files</Filter>
    </ClInclude>
    <ClInclude Include="src\plan\FishDialog.h">
      <Filter>Header Files</Filter>
    </ClInclude>
    <ClInclude Include="src\plan\GameState.h">
      <Filter>Header Files</Filter>
    </ClInclude>
    <ClInclude Include="src\plan\KeyConsole.h">
      <Filter>Header Files</Filter>
    </ClInclude>
    <ClInclude Include="src\plan\KeyDesc.h">
      <Filter>Header Files</Filter>
    </ClInclude>
    <ClInclude Include="src\plan\Keymap.h">
      <Filter>Header Files</Filter>
    </ClInclude>
    <ClInclude Include="src\plan\Planner.h">
      <Filter>Header Files</Filter>
    </ClInclude>
    <ClInclude Include="src\plan\ScriptCmd.h">
      <Filter>Header Files</Filter>
    </ClInclude>
    <ClInclude Include="src\plan\StateInput.h">
      <Filter>Header Files</Filter>
    </ClInclude>
    <ClInclude Include="src\plan\StateManager.h">
      <Filter>Header Files</Filter>
    </ClInclude>
    <ClInclude Include="src\plan\SubTitleAgent.h">
      <Filter>Header Files</Filter>
    </ClInclude>
    <ClInclude Include="src\plan\Title.h">
      <Filter>Header Files</Filter>
    </ClInclude>
    <ClInclude Include="src\state\DemoInput.h">
      <Filter>Header Files</Filter>
    </ClInclude>
    <ClInclude Include="src\state\DemoMode.h">
      <Filter>Header Files</Filter>
    </ClInclude>
    <ClInclude Include="src\state\demo-script.h">
      <Filter>Header Files</Filter>
    </ClInclude>
    <ClInclude Include="src\state\GameInput.h">
      <Filter>Header Files</Filter>
    </ClInclude>
    <ClInclude Include="src\state\MovieState.h">
      <Filter>Header Files</Filter>
    </ClInclude>
    <ClInclude Include="src\state\PosterScroller.h">
      <Filter>Header Files</Filter>
    </ClInclude>
    <ClInclude Include="src\state\PosterState.h">
      <Filter>Header Files</Filter>
    </ClInclude>
    <ClInclude Include="src\state\SDL_Movie.h">
      <Filter>Header Files</Filter>
    </ClInclude>
    <ClInclude Include="src\widget\HBox.h">
      <Filter>Header Files</Filter>
    </ClInclude>
    <ClInclude Include="src\widget\IWidget.h">
      <Filter>Header Files</Filter>
    </ClInclude>
    <ClInclude Include="src\widget\Labels.h">
      <Filter>Header Files</Filter>
    </ClInclude>
    <ClInclude Include="src\widget\Slider.h">
      <Filter>Header Files</Filter>
    </ClInclude>
    <ClInclude Include="src\widget\VBox.h">
      <Filter>Header Files</Filter>
    </ClInclude>
    <ClInclude Include="src\widget\WiBox.h">
      <Filter>Header Files</Filter>
    </ClInclude>
    <ClInclude Include="src\widget\WiButton.h">
      <Filter>Header Files</Filter>
    </ClInclude>
    <ClInclude Include="src\widget\WiContainer.h">
      <Filter>Header Files</Filter>
    </ClInclude>
    <ClInclude Include="src\widget\WiLabel.h">
      <Filter>Header Files</Filter>
    </ClInclude>
    <ClInclude Include="src\widget\WiPara.h">
      <Filter>Header Files</Filter>
    </ClInclude>
    <ClInclude Include="src\widget\WiPicture.h">
      <Filter>Header Files</Filter>
    </ClInclude>
    <ClInclude Include="src\widget\WiSpace.h">
      <Filter>Header Files</Filter>
    </ClInclude>
    <ClInclude Include="src\widget\WiStatusBar.h">
      <Filter>Header Files</Filter>
    </ClInclude>
  </ItemGroup>
  <ItemGroup>
    <ClCompile Include="src\effect\EffectDisintegrate.cpp">
      <Filter>Source Files</Filter>
    </ClCompile>
    <ClCompile Include="src\effect\EffectMirror.cpp">
      <Filter>Source Files</Filter>
    </ClCompile>
    <ClCompile Include="src\effect\EffectNone.cpp">
      <Filter>Source Files</Filter>
    </ClCompile>
    <ClCompile Include="src\effect\EffectReverse.cpp">
      <Filter>Source Files</Filter>
    </ClCompile>
    <ClCompile Include="src\effect\EffectZx.cpp">
      <Filter>Source Files</Filter>
    </ClCompile>
    <ClCompile Include="src\effect\Font.cpp">
      <Filter>Source Files</Filter>
    </ClCompile>
    <ClCompile Include="src\effect\LayeredPicture.cpp">
      <Filter>Source Files</Filter>
    </ClCompile>
    <ClCompile Include="src\effect\Outline.cpp">
      <Filter>Source Files</Filter>
    </ClCompile>
    <ClCompile Include="src\effect\Picture.cpp">
      <Filter>Source Files</Filter>
    </ClCompile>
    <ClCompile Include="src\effect\PixelIterator.cpp">
      <Filter>Source Files</Filter>
    </ClCompile>
    <ClCompile Include="src\effect\PixelTool.cpp">
      <Filter>Source Files</Filter>
    </ClCompile>
    <ClCompile Include="src\effect\SurfaceLock.cpp">
      <Filter>Source Files</Filter>
    </ClCompile>
    <ClCompile Include="src\effect\SurfaceTool.cpp">
      <Filter>Source Files</Filter>
    </ClCompile>
    <ClCompile Include="src\effect\TTFException.cpp">
      <Filter>Source Files</Filter>
    </ClCompile>
    <ClCompile Include="src\effect\WavyPicture.cpp">
      <Filter>Source Files</Filter>
    </ClCompile>
    <ClCompile Include="src\game\Application.cpp">
      <Filter>Source Files</Filter>
    </ClCompile>
    <ClCompile Include="src\game\GameAgent.cpp">
      <Filter>Source Files</Filter>
    </ClCompile>
    <ClCompile Include="src\game\main.cpp">
      <Filter>Source Files</Filter>
    </ClCompile>
    <ClCompile Include="src\gengine\AgentPack.cpp">
      <Filter>Source Files</Filter>
    </ClCompile>
    <ClCompile Include="src\gengine\BaseAgent.cpp">
      <Filter>Source Files</Filter>
    </ClCompile>
    <ClCompile Include="src\gengine\BaseException.cpp">
      <Filter>Source Files</Filter>
    </ClCompile>
    <ClCompile Include="src\gengine\BaseListener.cpp">
      <Filter>Source Files</Filter>
    </ClCompile>
    <ClCompile Include="src\gengine\BaseMsg.cpp">
      <Filter>Source Files</Filter>
    </ClCompile>
    <ClCompile Include="src\gengine\def-script.cpp">
      <Filter>Source Files</Filter>
    </ClCompile>
    <ClCompile Include="src\gengine\Dialog.cpp">
      <Filter>Source Files</Filter>
    </ClCompile>
    <ClCompile Include="src\gengine\DialogStack.cpp">
      <Filter>Source Files</Filter>
    </ClCompile>
    <ClCompile Include="src\gengine\Environ.cpp">
      <Filter>Source Files</Filter>
    </ClCompile>
    <ClCompile Include="src\gengine\ExInfo.cpp">
      <Filter>Source Files</Filter>
    </ClCompile>
    <ClCompile Include="src\gengine\FsPath.cpp">
      <Filter>Source Files</Filter>
    </ClCompile>
    <ClCompile Include="src\gengine\ImgException.cpp">
      <Filter>Source Files</Filter>
    </ClCompile>
    <ClCompile Include="src\gengine\InputAgent.cpp">
      <Filter>Source Files</Filter>
    </ClCompile>
    <ClCompile Include="src\gengine\InputHandler.cpp">
      <Filter>Source Files</Filter>
    </ClCompile>
    <ClCompile Include="src\gengine\IntMsg.cpp">
      <Filter>Source Files</Filter>
    </ClCompile>
    <ClCompile Include="src\gengine\KeyBinder.cpp">
      <Filter>Source Files</Filter>
    </ClCompile>
    <ClCompile Include="src\gengine\KeyStroke.cpp">
      <Filter>Source Files</Filter>
    </ClCompile>
    <ClCompile Include="src\gengine\Log.cpp">
      <Filter>Source Files</Filter>
    </ClCompile>
    <ClCompile Include="src\gengine\MessagerAgent.cpp">
      <Filter>Source Files</Filter>
    </ClCompile>
    <ClCompile Include="src\gengine\MixException.cpp">
      <Filter>Source Files</Filter>
    </ClCompile>
    <ClCompile Include="src\gengine\MouseStroke.cpp">
      <Filter>Source Files</Filter>
    </ClCompile>
    <ClCompile Include="src\gengine\MultiDrawer.cpp">
      <Filter>Source Files</Filter>
    </ClCompile>
    <ClCompile Include="src\gengine\Name.cpp">
      <Filter>Source Files</Filter>
    </ClCompile>
    <ClCompile Include="src\gengine\OptionAgent.cpp">
      <Filter>Source Files</Filter>
    </ClCompile>
    <ClCompile Include="src\gengine\OptionParams.cpp">
      <Filter>Source Files</Filter>
    </ClCompile>
    <ClCompile Include="src\gengine\options-script.cpp">
      <Filter>Source Files</Filter>
    </ClCompile>
    <ClCompile Include="src\gengine\Path.cpp">
      <Filter>Source Files</Filter>
    </ClCompile>
    <ClCompile Include="src\gengine\PlannedDialog.cpp">
      <Filter>Source Files</Filter>
    </ClCompile>
    <ClCompile Include="src\gengine\Random.cpp">
      <Filter>Source Files</Filter>
    </ClCompile>
    <ClCompile Include="src\gengine\ResDialogPack.cpp">
      <Filter>Source Files</Filter>
    </ClCompile>
    <ClCompile Include="src\gengine\ResImagePack.cpp">
      <Filter>Source Files</Filter>
    </ClCompile>
    <ClCompile Include="src\gengine\ResSoundPack.cpp">
      <Filter>Source Files</Filter>
    </ClCompile>
    <ClCompile Include="src\gengine\ScriptAgent.cpp">
      <Filter>Source Files</Filter>
    </ClCompile>
    <ClCompile Include="src\gengine\Scripter.cpp">
      <Filter>Source Files</Filter>
    </ClCompile>
    <ClCompile Include="src\gengine\ScriptState.cpp">
      <Filter>Source Files</Filter>
    </ClCompile>
    <ClCompile Include="src\gengine\SDLException.cpp">
      <Filter>Source Files</Filter>
    </ClCompile>
    <ClCompile Include="src\gengine\SDLMusicLooper.cpp">
      <Filter>Source Files</Filter>
    </ClCompile>
    <ClCompile Include="src\gengine\SDLSoundAgent.cpp">
      <Filter>Source Files</Filter>
    </ClCompile>
    <ClCompile Include="src\gengine\SoundAgent.cpp">
      <Filter>Source Files</Filter>
    </ClCompile>
    <ClCompile Include="src\gengine\StringMsg.cpp">
      <Filter>Source Files</Filter>
    </ClCompile>
    <ClCompile Include="src\gengine\StringTool.cpp">
      <Filter>Source Files</Filter>
    </ClCompile>
    <ClCompile Include="src\gengine\SysVideo.cpp">
      <Filter>Source Files</Filter>
    </ClCompile>
    <ClCompile Include="src\gengine\TimerAgent.cpp">
      <Filter>Source Files</Filter>
    </ClCompile>
    <ClCompile Include="src\gengine\VideoAgent.cpp">
      <Filter>Source Files</Filter>
    </ClCompile>
    <ClCompile Include="src\level\Anim.cpp">
      <Filter>Source Files</Filter>
    </ClCompile>
    <ClCompile Include="src\level\Controls.cpp">
      <Filter>Source Files</Filter>
    </ClCompile>
    <ClCompile Include="src\level\Cube.cpp">
      <Filter>Source Files</Filter>
    </ClCompile>
    <ClCompile Include="src\level\Dir.cpp">
      <Filter>Source Files</Filter>
    </ClCompile>
    <ClCompile Include="src\level\Field.cpp">
      <Filter>Source Files</Filter>
    </ClCompile>
    <ClCompile Include="src\level\FinderAlg.cpp">
      <Filter>Source Files</Filter>
    </ClCompile>
    <ClCompile Include="src\level\FinderField.cpp">
      <Filter>Source Files</Filter>
    </ClCompile>
    <ClCompile Include="src\level\game-script.cpp">
      <Filter>Source Files</Filter>
    </ClCompile>
    <ClCompile Include="src\level\Goal.cpp">
      <Filter>Source Files</Filter>
    </ClCompile>
    <ClCompile Include="src\level\KeyControl.cpp">
      <Filter>Source Files</Filter>
    </ClCompile>
    <ClCompile Include="src\level\Landslip.cpp">
      <Filter>Source Files</Filter>
    </ClCompile>
    <ClCompile Include="src\level\Level.cpp">
      <Filter>Source Files</Filter>
    </ClCompile>
    <ClCompile Include="src\level\LevelCountDown.cpp">
      <Filter>Source Files</Filter>
    </ClCompile>
    <ClCompile Include="src\level\LevelInput.cpp">
      <Filter>Source Files</Filter>
    </ClCompile>
    <ClCompile Include="src\level\LevelLoading.cpp">
      <Filter>Source Files</Filter>
    </ClCompile>
    <ClCompile Include="src\level\level-script.cpp">
      <Filter>Source Files</Filter>
    </ClCompile>
    <ClCompile Include="src\level\LevelScript.cpp">
      <Filter>Source Files</Filter>
    </ClCompile>
    <ClCompile Include="src\level\LevelStatus.cpp">
      <Filter>Source Files</Filter>
    </ClCompile>
    <ClCompile Include="src\level\MarkMask.cpp">
      <Filter>Source Files</Filter>
    </ClCompile>
    <ClCompile Include="src\level\ModelFactory.cpp">
      <Filter>Source Files</Filter>
    </ClCompile>
    <ClCompile Include="src\level\ModelList.cpp">
      <Filter>Source Files</Filter>
    </ClCompile>
    <ClCompile Include="src\level\MouseControl.cpp">
      <Filter>Source Files</Filter>
    </ClCompile>
    <ClCompile Include="src\level\PhaseLocker.cpp">
      <Filter>Source Files</Filter>
    </ClCompile>
    <ClCompile Include="src\level\Room.cpp">
      <Filter>Source Files</Filter>
    </ClCompile>
    <ClCompile Include="src\level\RoomAccess.cpp">
      <Filter>Source Files</Filter>
    </ClCompile>
    <ClCompile Include="src\level\RopeDecor.cpp">
      <Filter>Source Files</Filter>
    </ClCompile>
    <ClCompile Include="src\level\Rules.cpp">
      <Filter>Source Files</Filter>
    </ClCompile>
    <ClCompile Include="src\level\Shape.cpp">
      <Filter>Source Files</Filter>
    </ClCompile>
    <ClCompile Include="src\level\ShapeBuilder.cpp">
      <Filter>Source Files</Filter>
    </ClCompile>
    <ClCompile Include="src\level\StatusDisplay.cpp">
      <Filter>Source Files</Filter>
    </ClCompile>
    <ClCompile Include="src\level\StepDecor.cpp">
      <Filter>Source Files</Filter>
    </ClCompile>
    <ClCompile Include="src\level\Unit.cpp">
      <Filter>Source Files</Filter>
    </ClCompile>
    <ClCompile Include="src\level\View.cpp">
      <Filter>Source Files</Filter>
    </ClCompile>
    <ClCompile Include="src\menu\LevelDesc.cpp">
      <Filter>Source Files</Filter>
    </ClCompile>
    <ClCompile Include="src\menu\LevelNode.cpp">
      <Filter>Source Files</Filter>
    </ClCompile>
    <ClCompile Include="src\menu\NodeDrawer.cpp">
      <Filter>Source Files</Filter>
    </ClCompile>
    <ClCompile Include="src\menu\PedoInput.cpp">
      <Filter>Source Files</Filter>
    </ClCompile>
    <ClCompile Include="src\menu\Pedometer.cpp">
      <Filter>Source Files</Filter>
    </ClCompile>
    <ClCompile Include="src\menu\SolverDrawer.cpp">
      <Filter>Source Files</Filter>
    </ClCompile>
    <ClCompile Include="src\menu\WorldBranch.cpp">
      <Filter>Source Files</Filter>
    </ClCompile>
    <ClCompile Include="src\menu\WorldInput.cpp">
      <Filter>Source Files</Filter>
    </ClCompile>
    <ClCompile Include="src\menu\WorldMap.cpp">
      <Filter>Source Files</Filter>
    </ClCompile>
    <ClCompile Include="src\menu\worldmap-script.cpp">
      <Filter>Source Files</Filter>
    </ClCompile>
    <ClCompile Include="src\option\HelpInput.cpp">
      <Filter>Source Files</Filter>
    </ClCompile>
    <ClCompile Include="src\option\MenuHelp.cpp">
      <Filter>Source Files</Filter>
    </ClCompile>
    <ClCompile Include="src\option\MenuOptions.cpp">
      <Filter>Source Files</Filter>
    </ClCompile>
    <ClCompile Include="src\option\OptionsInput.cpp">
      <Filter>Source Files</Filter>
    </ClCompile>
    <ClCompile Include="src\option\RadioBox.cpp">
      <Filter>Source Files</Filter>
    </ClCompile>
    <ClCompile Include="src\option\SelectLang.cpp">
      <Filter>Source Files</Filter>
    </ClCompile>
    <ClCompile Include="src\plan\CommandQueue.cpp">
      <Filter>Source Files</Filter>
    </ClCompile>
    <ClCompile Include="src\plan\ConsoleInput.cpp">
      <Filter>Source Files</Filter>
    </ClCompile>
    <ClCompile Include="src\plan\dialog-script.cpp">
      <Filter>Source Files</Filter>
    </ClCompile>
    <ClCompile Include="src\plan\FishDialog.cpp">
      <Filter>Source Files</Filter>
    </ClCompile>
    <ClCompile Include="src\plan\GameState.cpp">
      <Filter>Source Files</Filter>
    </ClCompile>
    <ClCompile Include="src\plan\KeyConsole.cpp">
      <Filter>Source Files</Filter>
    </ClCompile>
    <ClCompile Include="src\plan\KeyDesc.cpp">
      <Filter>Source Files</Filter>
    </ClCompile>
    <ClCompile Include="src\plan\Keymap.cpp">
      <Filter>Source Files</Filter>
    </ClCompile>
    <ClCompile Include="src\plan\Planner.cpp">
      <Filter>Source Files</Filter>
    </ClCompile>
    <ClCompile Include="src\plan\ScriptCmd.cpp">
      <Filter>Source Files</Filter>
    </ClCompile>
    <ClCompile Include="src\plan\StateInput.cpp">
      <Filter>Source Files</Filter>
    </ClCompile>
    <ClCompile Include="src\plan\StateManager.cpp">
      <Filter>Source Files</Filter>
    </ClCompile>
    <ClCompile Include="src\plan\SubTitleAgent.cpp">
      <Filter>Source Files</Filter>
    </ClCompile>
    <ClCompile Include="src\plan\Title.cpp">
      <Filter>Source Files</Filter>
    </ClCompile>
    <ClCompile Include="src\state\DemoInput.cpp">
      <Filter>Source Files</Filter>
    </ClCompile>
    <ClCompile Include="src\state\DemoMode.cpp">
      <Filter>Source Files</Filter>
    </ClCompile>
    <ClCompile Include="src\state\demo-script.cpp">
      <Filter>Source Files</Filter>
    </ClCompile>
    <ClCompile Include="src\state\GameInput.cpp">
      <Filter>Source Files</Filter>
    </ClCompile>
    <ClCompile Include="src\state\MovieState.cpp">
      <Filter>Source Files</Filter>
    </ClCompile>
    <ClCompile Include="src\state\PosterScroller.cpp">
      <Filter>Source Files</Filter>
    </ClCompile>
    <ClCompile Include="src\state\PosterState.cpp">
      <Filter>Source Files</Filter>
    </ClCompile>
    <ClCompile Include="src\widget\HBox.cpp">
      <Filter>Source Files</Filter>
    </ClCompile>
    <ClCompile Include="src\widget\IWidget.cpp">
      <Filter>Source Files</Filter>
    </ClCompile>
    <ClCompile Include="src\widget\Labels.cpp">
      <Filter>Source Files</Filter>
    </ClCompile>
    <ClCompile Include="src\widget\Slider.cpp">
      <Filter>Source Files</Filter>
    </ClCompile>
    <ClCompile Include="src\widget\VBox.cpp">
      <Filter>Source Files</Filter>
    </ClCompile>
    <ClCompile Include="src\widget\WiBox.cpp">
      <Filter>Source Files</Filter>
    </ClCompile>
    <ClCompile Include="src\widget\WiButton.cpp">
      <Filter>Source Files</Filter>
    </ClCompile>
    <ClCompile Include="src\widget\WiContainer.cpp">
      <Filter>Source Files</Filter>
    </ClCompile>
    <ClCompile Include="src\widget\WiLabel.cpp">
      <Filter>Source Files</Filter>
    </ClCompile>
    <ClCompile Include="src\widget\WiPara.cpp">
      <Filter>Source Files</Filter>
    </ClCompile>
    <ClCompile Include="src\widget\WiPicture.cpp">
      <Filter>Source Files</Filter>
    </ClCompile>
    <ClCompile Include="src\widget\WiStatusBar.cpp">
      <Filter>Source Files</Filter>
    </ClCompile>
  </ItemGroup>
  <ItemGroup>
    <ResourceCompile Include="src\game\fillets.rc">
      <Filter>Resource Files</Filter>
    </ResourceCompile>
  </ItemGroup>
</Project>